// !$*UTF8*$!
{
	archiveVersion = 1;
	classes = {
	};
	objectVersion = 46;
	objects = {

/* Begin PBXBuildFile section */
		65795D7F1994A26900BAD6A1 /* CopyRightViewController.m in Sources */ = {isa = PBXBuildFile; fileRef = 65795D7D1994A26900BAD6A1 /* CopyRightViewController.m */; };
		65795D801994A26900BAD6A1 /* CopyRightViewController.m in Sources */ = {isa = PBXBuildFile; fileRef = 65795D7D1994A26900BAD6A1 /* CopyRightViewController.m */; };
		65795D811994A26900BAD6A1 /* CopyRightViewController.xib in Resources */ = {isa = PBXBuildFile; fileRef = 65795D7E1994A26900BAD6A1 /* CopyRightViewController.xib */; };
		65795D821994A26900BAD6A1 /* CopyRightViewController.xib in Resources */ = {isa = PBXBuildFile; fileRef = 65795D7E1994A26900BAD6A1 /* CopyRightViewController.xib */; };
		65795D861994B86C00BAD6A1 /* EndOfTheWorldViewController.m in Sources */ = {isa = PBXBuildFile; fileRef = 65795D841994B86C00BAD6A1 /* EndOfTheWorldViewController.m */; };
		65795D871994B86C00BAD6A1 /* EndOfTheWorldViewController.m in Sources */ = {isa = PBXBuildFile; fileRef = 65795D841994B86C00BAD6A1 /* EndOfTheWorldViewController.m */; };
		65795D881994B86C00BAD6A1 /* EndOfTheWorldViewController.xib in Resources */ = {isa = PBXBuildFile; fileRef = 65795D851994B86C00BAD6A1 /* EndOfTheWorldViewController.xib */; };
		65795D891994B86C00BAD6A1 /* EndOfTheWorldViewController.xib in Resources */ = {isa = PBXBuildFile; fileRef = 65795D851994B86C00BAD6A1 /* EndOfTheWorldViewController.xib */; };
		65795D941994D33F00BAD6A1 /* TableDemoTableViewController.m in Sources */ = {isa = PBXBuildFile; fileRef = 65795D921994D33F00BAD6A1 /* TableDemoTableViewController.m */; };
		65795D951994D33F00BAD6A1 /* TableDemoTableViewController.m in Sources */ = {isa = PBXBuildFile; fileRef = 65795D921994D33F00BAD6A1 /* TableDemoTableViewController.m */; };
		65795D961994D33F00BAD6A1 /* TableDemoTableViewController.xib in Resources */ = {isa = PBXBuildFile; fileRef = 65795D931994D33F00BAD6A1 /* TableDemoTableViewController.xib */; };
		65795D971994D33F00BAD6A1 /* TableDemoTableViewController.xib in Resources */ = {isa = PBXBuildFile; fileRef = 65795D931994D33F00BAD6A1 /* TableDemoTableViewController.xib */; };
		657B7BB71993119100006A4C /* Foundation.framework in Frameworks */ = {isa = PBXBuildFile; fileRef = 657B7BB61993119100006A4C /* Foundation.framework */; };
		657B7BB91993119100006A4C /* CoreGraphics.framework in Frameworks */ = {isa = PBXBuildFile; fileRef = 657B7BB81993119100006A4C /* CoreGraphics.framework */; };
		657B7BBB1993119100006A4C /* UIKit.framework in Frameworks */ = {isa = PBXBuildFile; fileRef = 657B7BBA1993119100006A4C /* UIKit.framework */; };
		657B7BC11993119100006A4C /* InfoPlist.strings in Resources */ = {isa = PBXBuildFile; fileRef = 657B7BBF1993119100006A4C /* InfoPlist.strings */; };
		657B7BC31993119100006A4C /* main.m in Sources */ = {isa = PBXBuildFile; fileRef = 657B7BC21993119100006A4C /* main.m */; };
		657B7BC71993119100006A4C /* AppDelegate.m in Sources */ = {isa = PBXBuildFile; fileRef = 657B7BC61993119100006A4C /* AppDelegate.m */; };
		657B7BCF1993119100006A4C /* Images.xcassets in Resources */ = {isa = PBXBuildFile; fileRef = 657B7BCE1993119100006A4C /* Images.xcassets */; };
		657B7BD61993119100006A4C /* XCTest.framework in Frameworks */ = {isa = PBXBuildFile; fileRef = 657B7BD51993119100006A4C /* XCTest.framework */; };
		657B7BD71993119100006A4C /* Foundation.framework in Frameworks */ = {isa = PBXBuildFile; fileRef = 657B7BB61993119100006A4C /* Foundation.framework */; };
		657B7BD81993119100006A4C /* UIKit.framework in Frameworks */ = {isa = PBXBuildFile; fileRef = 657B7BBA1993119100006A4C /* UIKit.framework */; };
		657B7BE01993119100006A4C /* InfoPlist.strings in Resources */ = {isa = PBXBuildFile; fileRef = 657B7BDE1993119100006A4C /* InfoPlist.strings */; };
		657B7BE21993119100006A4C /* sampleTests.m in Sources */ = {isa = PBXBuildFile; fileRef = 657B7BE11993119100006A4C /* sampleTests.m */; };
		657B7BEE1993168300006A4C /* MainViewController.m in Sources */ = {isa = PBXBuildFile; fileRef = 657B7BEC1993168300006A4C /* MainViewController.m */; };
		657B7BEF1993168300006A4C /* MainViewController.m in Sources */ = {isa = PBXBuildFile; fileRef = 657B7BEC1993168300006A4C /* MainViewController.m */; };
		657B7BF01993168300006A4C /* MainViewController.xib in Resources */ = {isa = PBXBuildFile; fileRef = 657B7BED1993168300006A4C /* MainViewController.xib */; };
		657B7BF11993168300006A4C /* MainViewController.xib in Resources */ = {isa = PBXBuildFile; fileRef = 657B7BED1993168300006A4C /* MainViewController.xib */; };
		657B7BF519934A2D00006A4C /* SourceViewViewController.m in Sources */ = {isa = PBXBuildFile; fileRef = 657B7BF319934A2D00006A4C /* SourceViewViewController.m */; };
		657B7BF619934A2D00006A4C /* SourceViewViewController.m in Sources */ = {isa = PBXBuildFile; fileRef = 657B7BF319934A2D00006A4C /* SourceViewViewController.m */; };
		657B7BF719934A2D00006A4C /* SourceViewViewController.xib in Resources */ = {isa = PBXBuildFile; fileRef = 657B7BF419934A2D00006A4C /* SourceViewViewController.xib */; };
		657B7BF819934A2D00006A4C /* SourceViewViewController.xib in Resources */ = {isa = PBXBuildFile; fileRef = 657B7BF419934A2D00006A4C /* SourceViewViewController.xib */; };
		657B7BFC1993697400006A4C /* MainMenuViewController.m in Sources */ = {isa = PBXBuildFile; fileRef = 657B7BFA1993697400006A4C /* MainMenuViewController.m */; };
		657B7BFD1993697400006A4C /* MainMenuViewController.m in Sources */ = {isa = PBXBuildFile; fileRef = 657B7BFA1993697400006A4C /* MainMenuViewController.m */; };
		657B7BFE1993697400006A4C /* MainMenuViewController.xib in Resources */ = {isa = PBXBuildFile; fileRef = 657B7BFB1993697400006A4C /* MainMenuViewController.xib */; };
		657B7BFF1993697400006A4C /* MainMenuViewController.xib in Resources */ = {isa = PBXBuildFile; fileRef = 657B7BFB1993697400006A4C /* MainMenuViewController.xib */; };
		657B7C03199378EC00006A4C /* NavBarDemoViewController.m in Sources */ = {isa = PBXBuildFile; fileRef = 657B7C01199378EC00006A4C /* NavBarDemoViewController.m */; };
		657B7C04199378EC00006A4C /* NavBarDemoViewController.m in Sources */ = {isa = PBXBuildFile; fileRef = 657B7C01199378EC00006A4C /* NavBarDemoViewController.m */; };
		657B7C05199378EC00006A4C /* NavBarDemoViewController.xib in Resources */ = {isa = PBXBuildFile; fileRef = 657B7C02199378EC00006A4C /* NavBarDemoViewController.xib */; };
		657B7C06199378EC00006A4C /* NavBarDemoViewController.xib in Resources */ = {isa = PBXBuildFile; fileRef = 657B7C02199378EC00006A4C /* NavBarDemoViewController.xib */; };
/* End PBXBuildFile section */

/* Begin PBXContainerItemProxy section */
		657B7BD91993119100006A4C /* PBXContainerItemProxy */ = {
			isa = PBXContainerItemProxy;
			containerPortal = 657B7BAB1993119100006A4C /* Project object */;
			proxyType = 1;
			remoteGlobalIDString = 657B7BB21993119100006A4C;
			remoteInfo = sample;
		};
/* End PBXContainerItemProxy section */

/* Begin PBXFileReference section */
		65795D7C1994A26900BAD6A1 /* CopyRightViewController.h */ = {isa = PBXFileReference; fileEncoding = 4; lastKnownFileType = sourcecode.c.h; path = CopyRightViewController.h; sourceTree = "<group>"; };
		65795D7D1994A26900BAD6A1 /* CopyRightViewController.m */ = {isa = PBXFileReference; fileEncoding = 4; lastKnownFileType = sourcecode.c.objc; path = CopyRightViewController.m; sourceTree = "<group>"; };
		65795D7E1994A26900BAD6A1 /* CopyRightViewController.xib */ = {isa = PBXFileReference; fileEncoding = 4; lastKnownFileType = file.xib; path = CopyRightViewController.xib; sourceTree = "<group>"; };
		65795D831994B86C00BAD6A1 /* EndOfTheWorldViewController.h */ = {isa = PBXFileReference; fileEncoding = 4; lastKnownFileType = sourcecode.c.h; path = EndOfTheWorldViewController.h; sourceTree = "<group>"; };
		65795D841994B86C00BAD6A1 /* EndOfTheWorldViewController.m */ = {isa = PBXFileReference; fileEncoding = 4; lastKnownFileType = sourcecode.c.objc; path = EndOfTheWorldViewController.m; sourceTree = "<group>"; };
		65795D851994B86C00BAD6A1 /* EndOfTheWorldViewController.xib */ = {isa = PBXFileReference; fileEncoding = 4; lastKnownFileType = file.xib; path = EndOfTheWorldViewController.xib; sourceTree = "<group>"; };
		65795D911994D33F00BAD6A1 /* TableDemoTableViewController.h */ = {isa = PBXFileReference; fileEncoding = 4; lastKnownFileType = sourcecode.c.h; path = TableDemoTableViewController.h; sourceTree = "<group>"; };
		65795D921994D33F00BAD6A1 /* TableDemoTableViewController.m */ = {isa = PBXFileReference; fileEncoding = 4; lastKnownFileType = sourcecode.c.objc; path = TableDemoTableViewController.m; sourceTree = "<group>"; };
		65795D931994D33F00BAD6A1 /* TableDemoTableViewController.xib */ = {isa = PBXFileReference; fileEncoding = 4; lastKnownFileType = file.xib; path = TableDemoTableViewController.xib; sourceTree = "<group>"; };
		657B7BB31993119100006A4C /* sample.app */ = {isa = PBXFileReference; explicitFileType = wrapper.application; includeInIndex = 0; path = sample.app; sourceTree = BUILT_PRODUCTS_DIR; };
		657B7BB61993119100006A4C /* Foundation.framework */ = {isa = PBXFileReference; lastKnownFileType = wrapper.framework; name = Foundation.framework; path = System/Library/Frameworks/Foundation.framework; sourceTree = SDKROOT; };
		657B7BB81993119100006A4C /* CoreGraphics.framework */ = {isa = PBXFileReference; lastKnownFileType = wrapper.framework; name = CoreGraphics.framework; path = System/Library/Frameworks/CoreGraphics.framework; sourceTree = SDKROOT; };
		657B7BBA1993119100006A4C /* UIKit.framework */ = {isa = PBXFileReference; lastKnownFileType = wrapper.framework; name = UIKit.framework; path = System/Library/Frameworks/UIKit.framework; sourceTree = SDKROOT; };
		657B7BBE1993119100006A4C /* sample-Info.plist */ = {isa = PBXFileReference; lastKnownFileType = text.plist.xml; path = "sample-Info.plist"; sourceTree = "<group>"; };
		657B7BC01993119100006A4C /* en */ = {isa = PBXFileReference; lastKnownFileType = text.plist.strings; name = en; path = en.lproj/InfoPlist.strings; sourceTree = "<group>"; };
		657B7BC21993119100006A4C /* main.m */ = {isa = PBXFileReference; lastKnownFileType = sourcecode.c.objc; path = main.m; sourceTree = "<group>"; };
		657B7BC41993119100006A4C /* sample-Prefix.pch */ = {isa = PBXFileReference; lastKnownFileType = sourcecode.c.h; path = "sample-Prefix.pch"; sourceTree = "<group>"; };
		657B7BC51993119100006A4C /* AppDelegate.h */ = {isa = PBXFileReference; lastKnownFileType = sourcecode.c.h; path = AppDelegate.h; sourceTree = "<group>"; };
		657B7BC61993119100006A4C /* AppDelegate.m */ = {isa = PBXFileReference; lastKnownFileType = sourcecode.c.objc; path = AppDelegate.m; sourceTree = "<group>"; };
		657B7BCE1993119100006A4C /* Images.xcassets */ = {isa = PBXFileReference; lastKnownFileType = folder.assetcatalog; path = Images.xcassets; sourceTree = "<group>"; };
		657B7BD41993119100006A4C /* sampleTests.xctest */ = {isa = PBXFileReference; explicitFileType = wrapper.cfbundle; includeInIndex = 0; path = sampleTests.xctest; sourceTree = BUILT_PRODUCTS_DIR; };
		657B7BD51993119100006A4C /* XCTest.framework */ = {isa = PBXFileReference; lastKnownFileType = wrapper.framework; name = XCTest.framework; path = Library/Frameworks/XCTest.framework; sourceTree = DEVELOPER_DIR; };
		657B7BDD1993119100006A4C /* sampleTests-Info.plist */ = {isa = PBXFileReference; lastKnownFileType = text.plist.xml; path = "sampleTests-Info.plist"; sourceTree = "<group>"; };
		657B7BDF1993119100006A4C /* en */ = {isa = PBXFileReference; lastKnownFileType = text.plist.strings; name = en; path = en.lproj/InfoPlist.strings; sourceTree = "<group>"; };
		657B7BE11993119100006A4C /* sampleTests.m */ = {isa = PBXFileReference; lastKnownFileType = sourcecode.c.objc; path = sampleTests.m; sourceTree = "<group>"; };
		657B7BEB1993168300006A4C /* MainViewController.h */ = {isa = PBXFileReference; fileEncoding = 4; lastKnownFileType = sourcecode.c.h; path = MainViewController.h; sourceTree = "<group>"; };
		657B7BEC1993168300006A4C /* MainViewController.m */ = {isa = PBXFileReference; fileEncoding = 4; lastKnownFileType = sourcecode.c.objc; path = MainViewController.m; sourceTree = "<group>"; };
		657B7BED1993168300006A4C /* MainViewController.xib */ = {isa = PBXFileReference; fileEncoding = 4; lastKnownFileType = file.xib; path = MainViewController.xib; sourceTree = "<group>"; };
		657B7BF219934A2D00006A4C /* SourceViewViewController.h */ = {isa = PBXFileReference; fileEncoding = 4; lastKnownFileType = sourcecode.c.h; path = SourceViewViewController.h; sourceTree = "<group>"; };
		657B7BF319934A2D00006A4C /* SourceViewViewController.m */ = {isa = PBXFileReference; fileEncoding = 4; lastKnownFileType = sourcecode.c.objc; path = SourceViewViewController.m; sourceTree = "<group>"; };
		657B7BF419934A2D00006A4C /* SourceViewViewController.xib */ = {isa = PBXFileReference; fileEncoding = 4; lastKnownFileType = file.xib; path = SourceViewViewController.xib; sourceTree = "<group>"; };
		657B7BF91993697400006A4C /* MainMenuViewController.h */ = {isa = PBXFileReference; fileEncoding = 4; lastKnownFileType = sourcecode.c.h; path = MainMenuViewController.h; sourceTree = "<group>"; };
		657B7BFA1993697400006A4C /* MainMenuViewController.m */ = {isa = PBXFileReference; fileEncoding = 4; lastKnownFileType = sourcecode.c.objc; path = MainMenuViewController.m; sourceTree = "<group>"; };
		657B7BFB1993697400006A4C /* MainMenuViewController.xib */ = {isa = PBXFileReference; fileEncoding = 4; lastKnownFileType = file.xib; path = MainMenuViewController.xib; sourceTree = "<group>"; };
		657B7C00199378EC00006A4C /* NavBarDemoViewController.h */ = {isa = PBXFileReference; fileEncoding = 4; lastKnownFileType = sourcecode.c.h; path = NavBarDemoViewController.h; sourceTree = "<group>"; };
		657B7C01199378EC00006A4C /* NavBarDemoViewController.m */ = {isa = PBXFileReference; fileEncoding = 4; lastKnownFileType = sourcecode.c.objc; path = NavBarDemoViewController.m; sourceTree = "<group>"; };
		657B7C02199378EC00006A4C /* NavBarDemoViewController.xib */ = {isa = PBXFileReference; fileEncoding = 4; lastKnownFileType = file.xib; path = NavBarDemoViewController.xib; sourceTree = "<group>"; };
/* End PBXFileReference section */

/* Begin PBXFrameworksBuildPhase section */
		657B7BB01993119100006A4C /* Frameworks */ = {
			isa = PBXFrameworksBuildPhase;
			buildActionMask = 2147483647;
			files = (
				657B7BB91993119100006A4C /* CoreGraphics.framework in Frameworks */,
				657B7BBB1993119100006A4C /* UIKit.framework in Frameworks */,
				657B7BB71993119100006A4C /* Foundation.framework in Frameworks */,
			);
			runOnlyForDeploymentPostprocessing = 0;
		};
		657B7BD11993119100006A4C /* Frameworks */ = {
			isa = PBXFrameworksBuildPhase;
			buildActionMask = 2147483647;
			files = (
				657B7BD61993119100006A4C /* XCTest.framework in Frameworks */,
				657B7BD81993119100006A4C /* UIKit.framework in Frameworks */,
				657B7BD71993119100006A4C /* Foundation.framework in Frameworks */,
			);
			runOnlyForDeploymentPostprocessing = 0;
		};
/* End PBXFrameworksBuildPhase section */

/* Begin PBXGroup section */
		657B7BAA1993119100006A4C = {
			isa = PBXGroup;
			children = (
				657B7BBC1993119100006A4C /* sample */,
				657B7BDB1993119100006A4C /* sampleTests */,
				657B7BB51993119100006A4C /* Frameworks */,
				657B7BB41993119100006A4C /* Products */,
			);
			sourceTree = "<group>";
		};
		657B7BB41993119100006A4C /* Products */ = {
			isa = PBXGroup;
			children = (
				657B7BB31993119100006A4C /* sample.app */,
				657B7BD41993119100006A4C /* sampleTests.xctest */,
			);
			name = Products;
			sourceTree = "<group>";
		};
		657B7BB51993119100006A4C /* Frameworks */ = {
			isa = PBXGroup;
			children = (
				657B7BB61993119100006A4C /* Foundation.framework */,
				657B7BB81993119100006A4C /* CoreGraphics.framework */,
				657B7BBA1993119100006A4C /* UIKit.framework */,
				657B7BD51993119100006A4C /* XCTest.framework */,
			);
			name = Frameworks;
			sourceTree = "<group>";
		};
		657B7BBC1993119100006A4C /* sample */ = {
			isa = PBXGroup;
			children = (
				657B7BC51993119100006A4C /* AppDelegate.h */,
				657B7BC61993119100006A4C /* AppDelegate.m */,
				657B7BCE1993119100006A4C /* Images.xcassets */,
				657B7BBD1993119100006A4C /* Supporting Files */,
				657B7BEB1993168300006A4C /* MainViewController.h */,
				657B7BEC1993168300006A4C /* MainViewController.m */,
				657B7BED1993168300006A4C /* MainViewController.xib */,
				657B7BF219934A2D00006A4C /* SourceViewViewController.h */,
				657B7BF319934A2D00006A4C /* SourceViewViewController.m */,
				657B7BF419934A2D00006A4C /* SourceViewViewController.xib */,
				657B7BF91993697400006A4C /* MainMenuViewController.h */,
				657B7BFA1993697400006A4C /* MainMenuViewController.m */,
				657B7BFB1993697400006A4C /* MainMenuViewController.xib */,
				657B7C00199378EC00006A4C /* NavBarDemoViewController.h */,
				657B7C01199378EC00006A4C /* NavBarDemoViewController.m */,
				657B7C02199378EC00006A4C /* NavBarDemoViewController.xib */,
				65795D7C1994A26900BAD6A1 /* CopyRightViewController.h */,
				65795D7D1994A26900BAD6A1 /* CopyRightViewController.m */,
				65795D7E1994A26900BAD6A1 /* CopyRightViewController.xib */,
				65795D831994B86C00BAD6A1 /* EndOfTheWorldViewController.h */,
				65795D841994B86C00BAD6A1 /* EndOfTheWorldViewController.m */,
				65795D851994B86C00BAD6A1 /* EndOfTheWorldViewController.xib */,
				65795D911994D33F00BAD6A1 /* TableDemoTableViewController.h */,
				65795D921994D33F00BAD6A1 /* TableDemoTableViewController.m */,
				65795D931994D33F00BAD6A1 /* TableDemoTableViewController.xib */,
			);
			path = sample;
			sourceTree = "<group>";
		};
		657B7BBD1993119100006A4C /* Supporting Files */ = {
			isa = PBXGroup;
			children = (
				657B7BBE1993119100006A4C /* sample-Info.plist */,
				657B7BBF1993119100006A4C /* InfoPlist.strings */,
				657B7BC21993119100006A4C /* main.m */,
				657B7BC41993119100006A4C /* sample-Prefix.pch */,
			);
			name = "Supporting Files";
			sourceTree = "<group>";
		};
		657B7BDB1993119100006A4C /* sampleTests */ = {
			isa = PBXGroup;
			children = (
				657B7BE11993119100006A4C /* sampleTests.m */,
				657B7BDC1993119100006A4C /* Supporting Files */,
			);
			path = sampleTests;
			sourceTree = "<group>";
		};
		657B7BDC1993119100006A4C /* Supporting Files */ = {
			isa = PBXGroup;
			children = (
				657B7BDD1993119100006A4C /* sampleTests-Info.plist */,
				657B7BDE1993119100006A4C /* InfoPlist.strings */,
			);
			name = "Supporting Files";
			sourceTree = "<group>";
		};
/* End PBXGroup section */

/* Begin PBXNativeTarget section */
		657B7BB21993119100006A4C /* sample */ = {
			isa = PBXNativeTarget;
			buildConfigurationList = 657B7BE51993119100006A4C /* Build configuration list for PBXNativeTarget "sample" */;
			buildPhases = (
				657B7BAF1993119100006A4C /* Sources */,
				657B7BB01993119100006A4C /* Frameworks */,
				657B7BB11993119100006A4C /* Resources */,
			);
			buildRules = (
			);
			dependencies = (
			);
			name = sample;
			productName = sample;
			productReference = 657B7BB31993119100006A4C /* sample.app */;
			productType = "com.apple.product-type.application";
		};
		657B7BD31993119100006A4C /* sampleTests */ = {
			isa = PBXNativeTarget;
			buildConfigurationList = 657B7BE81993119100006A4C /* Build configuration list for PBXNativeTarget "sampleTests" */;
			buildPhases = (
				657B7BD01993119100006A4C /* Sources */,
				657B7BD11993119100006A4C /* Frameworks */,
				657B7BD21993119100006A4C /* Resources */,
			);
			buildRules = (
			);
			dependencies = (
				657B7BDA1993119100006A4C /* PBXTargetDependency */,
			);
			name = sampleTests;
			productName = sampleTests;
			productReference = 657B7BD41993119100006A4C /* sampleTests.xctest */;
			productType = "com.apple.product-type.bundle.unit-test";
		};
/* End PBXNativeTarget section */

/* Begin PBXProject section */
		657B7BAB1993119100006A4C /* Project object */ = {
			isa = PBXProject;
			attributes = {
				LastUpgradeCheck = 0510;
				ORGANIZATIONNAME = "___FULLUSERNAME___";
				TargetAttributes = {
					657B7BD31993119100006A4C = {
						TestTargetID = 657B7BB21993119100006A4C;
					};
				};
			};
			buildConfigurationList = 657B7BAE1993119100006A4C /* Build configuration list for PBXProject "sample" */;
			compatibilityVersion = "Xcode 3.2";
			developmentRegion = English;
			hasScannedForEncodings = 0;
			knownRegions = (
				en,
				Base,
			);
			mainGroup = 657B7BAA1993119100006A4C;
			productRefGroup = 657B7BB41993119100006A4C /* Products */;
			projectDirPath = "";
			projectRoot = "";
			targets = (
				657B7BB21993119100006A4C /* sample */,
				657B7BD31993119100006A4C /* sampleTests */,
			);
		};
/* End PBXProject section */

/* Begin PBXResourcesBuildPhase section */
		657B7BB11993119100006A4C /* Resources */ = {
			isa = PBXResourcesBuildPhase;
			buildActionMask = 2147483647;
			files = (
				657B7BF719934A2D00006A4C /* SourceViewViewController.xib in Resources */,
				657B7C05199378EC00006A4C /* NavBarDemoViewController.xib in Resources */,
				65795D961994D33F00BAD6A1 /* TableDemoTableViewController.xib in Resources */,
				657B7BCF1993119100006A4C /* Images.xcassets in Resources */,
				65795D811994A26900BAD6A1 /* CopyRightViewController.xib in Resources */,
				65795D881994B86C00BAD6A1 /* EndOfTheWorldViewController.xib in Resources */,
				657B7BF01993168300006A4C /* MainViewController.xib in Resources */,
				657B7BFE1993697400006A4C /* MainMenuViewController.xib in Resources */,
				657B7BC11993119100006A4C /* InfoPlist.strings in Resources */,
			);
			runOnlyForDeploymentPostprocessing = 0;
		};
		657B7BD21993119100006A4C /* Resources */ = {
			isa = PBXResourcesBuildPhase;
			buildActionMask = 2147483647;
			files = (
				657B7BFF1993697400006A4C /* MainMenuViewController.xib in Resources */,
				657B7C06199378EC00006A4C /* NavBarDemoViewController.xib in Resources */,
				65795D971994D33F00BAD6A1 /* TableDemoTableViewController.xib in Resources */,
				65795D891994B86C00BAD6A1 /* EndOfTheWorldViewController.xib in Resources */,
				65795D821994A26900BAD6A1 /* CopyRightViewController.xib in Resources */,
				657B7BF819934A2D00006A4C /* SourceViewViewController.xib in Resources */,
				657B7BE01993119100006A4C /* InfoPlist.strings in Resources */,
				657B7BF11993168300006A4C /* MainViewController.xib in Resources */,
			);
			runOnlyForDeploymentPostprocessing = 0;
		};
/* End PBXResourcesBuildPhase section */

/* Begin PBXSourcesBuildPhase section */
		657B7BAF1993119100006A4C /* Sources */ = {
			isa = PBXSourcesBuildPhase;
			buildActionMask = 2147483647;
			files = (
				657B7BF519934A2D00006A4C /* SourceViewViewController.m in Sources */,
				65795D941994D33F00BAD6A1 /* TableDemoTableViewController.m in Sources */,
				657B7C03199378EC00006A4C /* NavBarDemoViewController.m in Sources */,
				657B7BC71993119100006A4C /* AppDelegate.m in Sources */,
				657B7BEE1993168300006A4C /* MainViewController.m in Sources */,
				65795D861994B86C00BAD6A1 /* EndOfTheWorldViewController.m in Sources */,
				657B7BC31993119100006A4C /* main.m in Sources */,
				65795D7F1994A26900BAD6A1 /* CopyRightViewController.m in Sources */,
				657B7BFC1993697400006A4C /* MainMenuViewController.m in Sources */,
			);
			runOnlyForDeploymentPostprocessing = 0;
		};
		657B7BD01993119100006A4C /* Sources */ = {
			isa = PBXSourcesBuildPhase;
			buildActionMask = 2147483647;
			files = (
				65795D801994A26900BAD6A1 /* CopyRightViewController.m in Sources */,
				657B7BFD1993697400006A4C /* MainMenuViewController.m in Sources */,
				657B7C04199378EC00006A4C /* NavBarDemoViewController.m in Sources */,
				657B7BF619934A2D00006A4C /* SourceViewViewController.m in Sources */,
				657B7BE21993119100006A4C /* sampleTests.m in Sources */,
				65795D951994D33F00BAD6A1 /* TableDemoTableViewController.m in Sources */,
				65795D871994B86C00BAD6A1 /* EndOfTheWorldViewController.m in Sources */,
				657B7BEF1993168300006A4C /* MainViewController.m in Sources */,
			);
			runOnlyForDeploymentPostprocessing = 0;
		};
/* End PBXSourcesBuildPhase section */

/* Begin PBXTargetDependency section */
		657B7BDA1993119100006A4C /* PBXTargetDependency */ = {
			isa = PBXTargetDependency;
			target = 657B7BB21993119100006A4C /* sample */;
			targetProxy = 657B7BD91993119100006A4C /* PBXContainerItemProxy */;
		};
/* End PBXTargetDependency section */

/* Begin PBXVariantGroup section */
		657B7BBF1993119100006A4C /* InfoPlist.strings */ = {
			isa = PBXVariantGroup;
			children = (
				657B7BC01993119100006A4C /* en */,
			);
			name = InfoPlist.strings;
			sourceTree = "<group>";
		};
		657B7BDE1993119100006A4C /* InfoPlist.strings */ = {
			isa = PBXVariantGroup;
			children = (
				657B7BDF1993119100006A4C /* en */,
			);
			name = InfoPlist.strings;
			sourceTree = "<group>";
		};
/* End PBXVariantGroup section */

/* Begin XCBuildConfiguration section */
		657B7BE31993119100006A4C /* Debug */ = {
			isa = XCBuildConfiguration;
			buildSettings = {
				ALWAYS_SEARCH_USER_PATHS = NO;
				CLANG_CXX_LANGUAGE_STANDARD = "gnu++0x";
				CLANG_CXX_LIBRARY = "libc++";
				CLANG_ENABLE_MODULES = YES;
				CLANG_ENABLE_OBJC_ARC = YES;
				CLANG_WARN_BOOL_CONVERSION = YES;
				CLANG_WARN_CONSTANT_CONVERSION = YES;
				CLANG_WARN_DIRECT_OBJC_ISA_USAGE = YES_ERROR;
				CLANG_WARN_EMPTY_BODY = YES;
				CLANG_WARN_ENUM_CONVERSION = YES;
				CLANG_WARN_INT_CONVERSION = YES;
				CLANG_WARN_OBJC_ROOT_CLASS = YES_ERROR;
				CLANG_WARN__DUPLICATE_METHOD_MATCH = YES;
				"CODE_SIGN_IDENTITY[sdk=iphoneos*]" = "iPhone Developer";
				COPY_PHASE_STRIP = NO;
				GCC_C_LANGUAGE_STANDARD = gnu99;
				GCC_DYNAMIC_NO_PIC = NO;
				GCC_OPTIMIZATION_LEVEL = 0;
				GCC_PREPROCESSOR_DEFINITIONS = (
					"DEBUG=1",
					"$(inherited)",
				);
				GCC_SYMBOLS_PRIVATE_EXTERN = NO;
				GCC_WARN_64_TO_32_BIT_CONVERSION = YES;
				GCC_WARN_ABOUT_RETURN_TYPE = YES_ERROR;
				GCC_WARN_UNDECLARED_SELECTOR = YES;
				GCC_WARN_UNINITIALIZED_AUTOS = YES_AGGRESSIVE;
				GCC_WARN_UNUSED_FUNCTION = YES;
				GCC_WARN_UNUSED_VARIABLE = YES;
				IPHONEOS_DEPLOYMENT_TARGET = 6.1;
				ONLY_ACTIVE_ARCH = YES;
				SDKROOT = iphoneos;
			};
			name = Debug;
		};
		657B7BE41993119100006A4C /* Release */ = {
			isa = XCBuildConfiguration;
			buildSettings = {
				ALWAYS_SEARCH_USER_PATHS = NO;
				CLANG_CXX_LANGUAGE_STANDARD = "gnu++0x";
				CLANG_CXX_LIBRARY = "libc++";
				CLANG_ENABLE_MODULES = YES;
				CLANG_ENABLE_OBJC_ARC = YES;
				CLANG_WARN_BOOL_CONVERSION = YES;
				CLANG_WARN_CONSTANT_CONVERSION = YES;
				CLANG_WARN_DIRECT_OBJC_ISA_USAGE = YES_ERROR;
				CLANG_WARN_EMPTY_BODY = YES;
				CLANG_WARN_ENUM_CONVERSION = YES;
				CLANG_WARN_INT_CONVERSION = YES;
				CLANG_WARN_OBJC_ROOT_CLASS = YES_ERROR;
				CLANG_WARN__DUPLICATE_METHOD_MATCH = YES;
				"CODE_SIGN_IDENTITY[sdk=iphoneos*]" = "iPhone Developer";
				COPY_PHASE_STRIP = YES;
				ENABLE_NS_ASSERTIONS = NO;
				GCC_C_LANGUAGE_STANDARD = gnu99;
				GCC_WARN_64_TO_32_BIT_CONVERSION = YES;
				GCC_WARN_ABOUT_RETURN_TYPE = YES_ERROR;
				GCC_WARN_UNDECLARED_SELECTOR = YES;
				GCC_WARN_UNINITIALIZED_AUTOS = YES_AGGRESSIVE;
				GCC_WARN_UNUSED_FUNCTION = YES;
				GCC_WARN_UNUSED_VARIABLE = YES;
				IPHONEOS_DEPLOYMENT_TARGET = 6.1;
				SDKROOT = iphoneos;
				VALIDATE_PRODUCT = YES;
			};
			name = Release;
		};
		657B7BE61993119100006A4C /* Debug */ = {
			isa = XCBuildConfiguration;
			buildSettings = {
				ASSETCATALOG_COMPILER_APPICON_NAME = AppIcon;
				ASSETCATALOG_COMPILER_LAUNCHIMAGE_NAME = LaunchImage;
				GCC_PRECOMPILE_PREFIX_HEADER = YES;
				GCC_PREFIX_HEADER = "sample/sample-Prefix.pch";
				INFOPLIST_FILE = "sample/sample-Info.plist";
				PRODUCT_NAME = "$(TARGET_NAME)";
				WRAPPER_EXTENSION = app;
			};
			name = Debug;
		};
		657B7BE71993119100006A4C /* Release */ = {
			isa = XCBuildConfiguration;
			buildSettings = {
				ASSETCATALOG_COMPILER_APPICON_NAME = AppIcon;
				ASSETCATALOG_COMPILER_LAUNCHIMAGE_NAME = LaunchImage;
				GCC_PRECOMPILE_PREFIX_HEADER = YES;
				GCC_PREFIX_HEADER = "sample/sample-Prefix.pch";
				INFOPLIST_FILE = "sample/sample-Info.plist";
				PRODUCT_NAME = "$(TARGET_NAME)";
				WRAPPER_EXTENSION = app;
			};
			name = Release;
		};
		657B7BE91993119100006A4C /* Debug */ = {
			isa = XCBuildConfiguration;
			buildSettings = {
				BUNDLE_LOADER = "$(BUILT_PRODUCTS_DIR)/sample.app/sample";
				FRAMEWORK_SEARCH_PATHS = (
					"$(SDKROOT)/Developer/Library/Frameworks",
					"$(inherited)",
					"$(DEVELOPER_FRAMEWORKS_DIR)",
				);
				GCC_PRECOMPILE_PREFIX_HEADER = YES;
				GCC_PREFIX_HEADER = "sample/sample-Prefix.pch";
				GCC_PREPROCESSOR_DEFINITIONS = (
					"DEBUG=1",
					"$(inherited)",
				);
				INFOPLIST_FILE = "sampleTests/sampleTests-Info.plist";
				PRODUCT_NAME = "$(TARGET_NAME)";
				TEST_HOST = "$(BUNDLE_LOADER)";
				WRAPPER_EXTENSION = xctest;
			};
			name = Debug;
		};
		657B7BEA1993119100006A4C /* Release */ = {
			isa = XCBuildConfiguration;
			buildSettings = {
				BUNDLE_LOADER = "$(BUILT_PRODUCTS_DIR)/sample.app/sample";
				FRAMEWORK_SEARCH_PATHS = (
					"$(SDKROOT)/Developer/Library/Frameworks",
					"$(inherited)",
					"$(DEVELOPER_FRAMEWORKS_DIR)",
				);
				GCC_PRECOMPILE_PREFIX_HEADER = YES;
				GCC_PREFIX_HEADER = "sample/sample-Prefix.pch";
				INFOPLIST_FILE = "sampleTests/sampleTests-Info.plist";
				PRODUCT_NAME = "$(TARGET_NAME)";
				TEST_HOST = "$(BUNDLE_LOADER)";
				WRAPPER_EXTENSION = xctest;
			};
			name = Release;
		};
/* End XCBuildConfiguration section */

/* Begin XCConfigurationList section */
		657B7BAE1993119100006A4C /* Build configuration list for PBXProject "sample" */ = {
			isa = XCConfigurationList;
			buildConfigurations = (
				657B7BE31993119100006A4C /* Debug */,
				657B7BE41993119100006A4C /* Release */,
			);
			defaultConfigurationIsVisible = 0;
			defaultConfigurationName = Release;
		};
		657B7BE51993119100006A4C /* Build configuration list for PBXNativeTarget "sample" */ = {
			isa = XCConfigurationList;
			buildConfigurations = (
				657B7BE61993119100006A4C /* Debug */,
				657B7BE71993119100006A4C /* Release */,
			);
			defaultConfigurationIsVisible = 0;
			defaultConfigurationName = Release;
		};
		657B7BE81993119100006A4C /* Build configuration list for PBXNativeTarget "sampleTests" */ = {
			isa = XCConfigurationList;
			buildConfigurations = (
				657B7BE91993119100006A4C /* Debug */,
				657B7BEA1993119100006A4C /* Release */,
			);
			defaultConfigurationIsVisible = 0;
			defaultConfigurationName = Release;
		};
/* End XCConfigurationList section */
	};
	rootObject = 657B7BAB1993119100006A4C /* Project object */;
}
